{
  "name": "microservice-template",
  "version": "1.0.0",
  "lockfileVersion": 1,
  "requires": true,
  "dependencies": {
    "azure-function-express": {
      "version": "2.0.0",
      "resolved": "https://registry.npmjs.org/azure-function-express/-/azure-function-express-2.0.0.tgz",
      "integrity": "sha512-e+IT8pZn9+JEUns497uf3NptlIQ8xTZWPDHz0/JLMNBFL/KwQ6ojOS1kWSQiah2NSLIB9O/n+wTkygYtS8Y++A=="
    }
  }
}
